<?xml version="1.0" encoding="utf-8"?>
<Project ToolsVersion="4.0" xmlns="http://schemas.microsoft.com/developer/msbuild/2003">
  <ItemGroup>
    <Filter Include="Source Files">
      <UniqueIdentifier>{4FC737F1-C7A5-4376-A066-2A32D752A2FF}</UniqueIdentifier>
      <Extensions>cpp;c;cc;cxx;c++;cppm;ixx;def;odl;idl;hpj;bat;asm;asmx</Extensions>
    </Filter>
    <Filter Include="Header Files">
      <UniqueIdentifier>{93995380-89BD-4b04-88EB-625FBE52EBFB}</UniqueIdentifier>
      <Extensions>h;hh;hpp;hxx;h++;hm;inl;inc;ipp;xsd</Extensions>
    </Filter>
    <Filter Include="Resource Files">
      <UniqueIdentifier>{67DA6AB6-F800-4c08-8B7A-83BB121AAD01}</UniqueIdentifier>
      <Extensions>rc;ico;cur;bmp;dlg;rc2;rct;bin;rgs;gif;jpg;jpeg;jpe;resx;tiff;tif;png;wav;mfcribbon-ms</Extensions>
    </Filter>
  </ItemGroup>
  <ItemGroup>
    <ClCompile Include="Chuong 2 bai 1.cpp">
      <Filter>Source Files</Filter>
    </ClCompile>
    <ClCompile Include="chuong 2 bai 2.cpp">
      <Filter>Source Files</Filter>
    </ClCompile>
    <ClCompile Include="chuong 2 bai 3 mang so nguyen.cpp">
      <Filter>Source Files</Filter>
    </ClCompile>
    <ClCompile Include="chuong 2 bai 4 sap xep tang theo pp interchange sort.cpp">
      <Filter>Source Files</Filter>
    </ClCompile>
    <ClCompile Include="chuong 2 bai 5 sap xep giam theo pp interchange sort.cpp">
      <Filter>Source Files</Filter>
    </ClCompile>
    <ClCompile Include="chuong 2 bai 6 Quick sort.cpp">
      <Filter>Source Files</Filter>
    </ClCompile>
    <ClCompile Include="Chuong 2 bai 7 xu li mang mot chieu.cpp">
      <Filter>Source Files</Filter>
    </ClCompile>
    <ClCompile Include="chuong 2 bai 8 mang mot chieu so nguyen a.cpp">
      <Filter>Source Files</Filter>
    </ClCompile>
    <ClCompile Include="chuong 2 bai 9 mang cau truc.cpp">
      <Filter>Source Files</Filter>
    </ClCompile>
    <ClCompile Include="chuong 2 bai 10 cau truc phan so.cpp">
      <Filter>Source Files</Filter>
    </ClCompile>
    <ClCompile Include="chuong 2 bai 11 chuong trinh luu truu sinh vien.cpp">
      <Filter>Source Files</Filter>
    </ClCompile>
    <ClCompile Include="chuong 2 bai 12 danh sach sinh vien.cpp">
      <Filter>Source Files</Filter>
    </ClCompile>
    <ClCompile Include="chuong 2 bai 13 mang hai chieu.cpp">
      <Filter>Source Files</Filter>
    </ClCompile>
    <ClCompile Include="chuong 2 bai 14 mang hai chieu 2.cpp">
      <Filter>Source Files</Filter>
    </ClCompile>
    <ClCompile Include="chuong 2 bai 15 mang 2 chieu sap xep.cpp">
      <Filter>Source Files</Filter>
    </ClCompile>
    <ClCompile Include="chuong 2 bai 16 ma tran vuong.cpp">
      <Filter>Source Files</Filter>
    </ClCompile>
  </ItemGroup>
  <ItemGroup>
    <Text Include="sinhvien.txt">
      <Filter>Source Files</Filter>
    </Text>
  </ItemGroup>
</Project>